// !$*UTF8*$!
{
	archiveVersion = 1;
	classes = {
	};
	objectVersion = 46;
	objects = {

/* Begin PBXBuildFile section */
		488046D31D01376F00F9C0DE /* main.m in Sources */ = {isa = PBXBuildFile; fileRef = 488046D21D01376F00F9C0DE /* main.m */; };
		488046D61D01376F00F9C0DE /* AppDelegate.m in Sources */ = {isa = PBXBuildFile; fileRef = 488046D51D01376F00F9C0DE /* AppDelegate.m */; };
		488046D91D01376F00F9C0DE /* Start.m in Sources */ = {isa = PBXBuildFile; fileRef = 488046D81D01376F00F9C0DE /* Start.m */; };
		488046DC1D01376F00F9C0DE /* Main.storyboard in Resources */ = {isa = PBXBuildFile; fileRef = 488046DA1D01376F00F9C0DE /* Main.storyboard */; };
		488046DF1D01376F00F9C0DE /* Tablas_Clase2.xcdatamodeld in Sources */ = {isa = PBXBuildFile; fileRef = 488046DD1D01376F00F9C0DE /* Tablas_Clase2.xcdatamodeld */; };
		488046E11D01376F00F9C0DE /* Assets.xcassets in Resources */ = {isa = PBXBuildFile; fileRef = 488046E01D01376F00F9C0DE /* Assets.xcassets */; };
		488046E41D01376F00F9C0DE /* LaunchScreen.storyboard in Resources */ = {isa = PBXBuildFile; fileRef = 488046E21D01376F00F9C0DE /* LaunchScreen.storyboard */; };
/* End PBXBuildFile section */

/* Begin PBXFileReference section */
		488046CE1D01376F00F9C0DE /* Tablas_Clase2.app */ = {isa = PBXFileReference; explicitFileType = wrapper.application; includeInIndex = 0; path = Tablas_Clase2.app; sourceTree = BUILT_PRODUCTS_DIR; };
		488046D21D01376F00F9C0DE /* main.m */ = {isa = PBXFileReference; lastKnownFileType = sourcecode.c.objc; path = main.m; sourceTree = "<group>"; };
		488046D41D01376F00F9C0DE /* AppDelegate.h */ = {isa = PBXFileReference; lastKnownFileType = sourcecode.c.h; path = AppDelegate.h; sourceTree = "<group>"; };
		488046D51D01376F00F9C0DE /* AppDelegate.m */ = {isa = PBXFileReference; lastKnownFileType = sourcecode.c.objc; path = AppDelegate.m; sourceTree = "<group>"; };
		488046D71D01376F00F9C0DE /* Start.h */ = {isa = PBXFileReference; lastKnownFileType = sourcecode.c.h; path = Start.h; sourceTree = "<group>"; };
		488046D81D01376F00F9C0DE /* Start.m */ = {isa = PBXFileReference; lastKnownFileType = sourcecode.c.objc; path = Start.m; sourceTree = "<group>"; };
		488046DB1D01376F00F9C0DE /* Base */ = {isa = PBXFileReference; lastKnownFileType = file.storyboard; name = Base; path = Base.lproj/Main.storyboard; sourceTree = "<group>"; };
		488046DE1D01376F00F9C0DE /* Tablas_Clase2.xcdatamodel */ = {isa = PBXFileReference; lastKnownFileType = wrapper.xcdatamodel; path = Tablas_Clase2.xcdatamodel; sourceTree = "<group>"; };
		488046E01D01376F00F9C0DE /* Assets.xcassets */ = {isa = PBXFileReference; lastKnownFileType = folder.assetcatalog; path = Assets.xcassets; sourceTree = "<group>"; };
		488046E31D01376F00F9C0DE /* Base */ = {isa = PBXFileReference; lastKnownFileType = file.storyboard; name = Base; path = Base.lproj/LaunchScreen.storyboard; sourceTree = "<group>"; };
		488046E51D01376F00F9C0DE /* Info.plist */ = {isa = PBXFileReference; lastKnownFileType = text.plist.xml; path = Info.plist; sourceTree = "<group>"; };
/* End PBXFileReference section */

/* Begin PBXFrameworksBuildPhase section */
		488046CB1D01376F00F9C0DE /* Frameworks */ = {
			isa = PBXFrameworksBuildPhase;
			buildActionMask = 2147483647;
			files = (
			);
			runOnlyForDeploymentPostprocessing = 0;
		};
/* End PBXFrameworksBuildPhase section */

/* Begin PBXGroup section */
		488046C51D01376F00F9C0DE = {
			isa = PBXGroup;
			children = (
				488046D01D01376F00F9C0DE /* Tablas_Clase2 */,
				488046CF1D01376F00F9C0DE /* Products */,
			);
			sourceTree = "<group>";
		};
		488046CF1D01376F00F9C0DE /* Products */ = {
			isa = PBXGroup;
			children = (
				488046CE1D01376F00F9C0DE /* Tablas_Clase2.app */,
			);
			name = Products;
			sourceTree = "<group>";
		};
		488046D01D01376F00F9C0DE /* Tablas_Clase2 */ = {
			isa = PBXGroup;
			children = (
				488046EC1D14BCC100F9C0DE /* Main */,
				488046EB1D14BCAA00F9C0DE /* Controllers */,
				488046DA1D01376F00F9C0DE /* Main.storyboard */,
				488046E01D01376F00F9C0DE /* Assets.xcassets */,
				488046E21D01376F00F9C0DE /* LaunchScreen.storyboard */,
				488046E51D01376F00F9C0DE /* Info.plist */,
				488046DD1D01376F00F9C0DE /* Tablas_Clase2.xcdatamodeld */,
				488046D11D01376F00F9C0DE /* Supporting Files */,
			);
			path = Tablas_Clase2;
			sourceTree = "<group>";
		};
		488046D11D01376F00F9C0DE /* Supporting Files */ = {
			isa = PBXGroup;
			children = (
				488046D21D01376F00F9C0DE /* main.m */,
			);
			name = "Supporting Files";
			sourceTree = "<group>";
		};
		488046EB1D14BCAA00F9C0DE /* Controllers */ = {
			isa = PBXGroup;
			children = (
				488046D71D01376F00F9C0DE /* Start.h */,
				488046D81D01376F00F9C0DE /* Start.m */,
			);
			name = Controllers;
			sourceTree = "<group>";
		};
		488046EC1D14BCC100F9C0DE /* Main */ = {
			isa = PBXGroup;
			children = (
				488046D41D01376F00F9C0DE /* AppDelegate.h */,
				488046D51D01376F00F9C0DE /* AppDelegate.m */,
			);
			name = Main;
			sourceTree = "<group>";
		};
/* End PBXGroup section */

/* Begin PBXNativeTarget section */
		488046CD1D01376F00F9C0DE /* Tablas_Clase2 */ = {
			isa = PBXNativeTarget;
			buildConfigurationList = 488046E81D01376F00F9C0DE /* Build configuration list for PBXNativeTarget "Tablas_Clase2" */;
			buildPhases = (
				488046CA1D01376F00F9C0DE /* Sources */,
				488046CB1D01376F00F9C0DE /* Frameworks */,
				488046CC1D01376F00F9C0DE /* Resources */,
			);
			buildRules = (
			);
			dependencies = (
			);
			name = Tablas_Clase2;
			productName = Tablas_Clase2;
			productReference = 488046CE1D01376F00F9C0DE /* Tablas_Clase2.app */;
			productType = "com.apple.product-type.application";
		};
/* End PBXNativeTarget section */

/* Begin PBXProject section */
		488046C61D01376F00F9C0DE /* Project object */ = {
			isa = PBXProject;
			attributes = {
				LastUpgradeCheck = 0710;
				ORGANIZATIONNAME = "Luis Diaz";
				TargetAttributes = {
					488046CD1D01376F00F9C0DE = {
						CreatedOnToolsVersion = 7.1.1;
					};
				};
			};
			buildConfigurationList = 488046C91D01376F00F9C0DE /* Build configuration list for PBXProject "Tablas_Clase2" */;
			compatibilityVersion = "Xcode 3.2";
			developmentRegion = English;
			hasScannedForEncodings = 0;
			knownRegions = (
				en,
				Base,
			);
			mainGroup = 488046C51D01376F00F9C0DE;
			productRefGroup = 488046CF1D01376F00F9C0DE /* Products */;
			projectDirPath = "";
			projectRoot = "";
			targets = (
				488046CD1D01376F00F9C0DE /* Tablas_Clase2 */,
			);
		};
/* End PBXProject section */

/* Begin PBXResourcesBuildPhase section */
		488046CC1D01376F00F9C0DE /* Resources */ = {
			isa = PBXResourcesBuildPhase;
			buildActionMask = 2147483647;
			files = (
				488046E41D01376F00F9C0DE /* LaunchScreen.storyboard in Resources */,
				488046E11D01376F00F9C0DE /* Assets.xcassets in Resources */,
				488046DC1D01376F00F9C0DE /* Main.storyboard in Resources */,
			);
			runOnlyForDeploymentPostprocessing = 0;
		};
/* End PBXResourcesBuildPhase section */

/* Begin PBXSourcesBuildPhase section */
		488046CA1D01376F00F9C0DE /* Sources */ = {
			isa = PBXSourcesBuildPhase;
			buildActionMask = 2147483647;
			files = (
				488046D91D01376F00F9C0DE /* Start.m in Sources */,
				488046D61D01376F00F9C0DE /* AppDelegate.m in Sources */,
				488046DF1D01376F00F9C0DE /* Tablas_Clase2.xcdatamodeld in Sources */,
				488046D31D01376F00F9C0DE /* main.m in Sources */,
			);
			runOnlyForDeploymentPostprocessing = 0;
		};
/* End PBXSourcesBuildPhase section */

/* Begin PBXVariantGroup section */
		488046DA1D01376F00F9C0DE /* Main.storyboard */ = {
			isa = PBXVariantGroup;
			children = (
				488046DB1D01376F00F9C0DE /* Base */,
			);
			name = Main.storyboard;
			sourceTree = "<group>";
		};
		488046E21D01376F00F9C0DE /* LaunchScreen.storyboard */ = {
			isa = PBXVariantGroup;
			children = (
				488046E31D01376F00F9C0DE /* Base */,
			);
			name = LaunchScreen.storyboard;
			sourceTree = "<group>";
		};
/* End PBXVariantGroup section */

/* Begin XCBuildConfiguration section */
		488046E61D01376F00F9C0DE /* Debug */ = {
			isa = XCBuildConfiguration;
			buildSettings = {
				ALWAYS_SEARCH_USER_PATHS = NO;
				CLANG_CXX_LANGUAGE_STANDARD = "gnu++0x";
				CLANG_CXX_LIBRARY = "libc++";
				CLANG_ENABLE_MODULES = YES;
				CLANG_ENABLE_OBJC_ARC = YES;
				CLANG_WARN_BOOL_CONVERSION = YES;
				CLANG_WARN_CONSTANT_CONVERSION = YES;
				CLANG_WARN_DIRECT_OBJC_ISA_USAGE = YES_ERROR;
				CLANG_WARN_EMPTY_BODY = YES;
				CLANG_WARN_ENUM_CONVERSION = YES;
				CLANG_WARN_INT_CONVERSION = YES;
				CLANG_WARN_OBJC_ROOT_CLASS = YES_ERROR;
				CLANG_WARN_UNREACHABLE_CODE = YES;
				CLANG_WARN__DUPLICATE_METHOD_MATCH = YES;
				"CODE_SIGN_IDENTITY[sdk=iphoneos*]" = "iPhone Developer";
				COPY_PHASE_STRIP = NO;
				DEBUG_INFORMATION_FORMAT = dwarf;
				ENABLE_STRICT_OBJC_MSGSEND = YES;
				ENABLE_TESTABILITY = YES;
				GCC_C_LANGUAGE_STANDARD = gnu99;
				GCC_DYNAMIC_NO_PIC = NO;
				GCC_NO_COMMON_BLOCKS = YES;
				GCC_OPTIMIZATION_LEVEL = 0;
				GCC_PREPROCESSOR_DEFINITIONS = (
					"DEBUG=1",
					"$(inherited)",
				);
				GCC_WARN_64_TO_32_BIT_CONVERSION = YES;
				GCC_WARN_ABOUT_RETURN_TYPE = YES_ERROR;
				GCC_WARN_UNDECLARED_SELECTOR = YES;
				GCC_WARN_UNINITIALIZED_AUTOS = YES_AGGRESSIVE;
				GCC_WARN_UNUSED_FUNCTION = YES;
				GCC_WARN_UNUSED_VARIABLE = YES;
				IPHONEOS_DEPLOYMENT_TARGET = 9.1;
				MTL_ENABLE_DEBUG_INFO = YES;
				ONLY_ACTIVE_ARCH = YES;
				SDKROOT = iphoneos;
			};
			name = Debug;
		};
		488046E71D01376F00F9C0DE /* Release */ = {
			isa = XCBuildConfiguration;
			buildSettings = {
				ALWAYS_SEARCH_USER_PATHS = NO;
				CLANG_CXX_LANGUAGE_STANDARD = "gnu++0x";
				CLANG_CXX_LIBRARY = "libc++";
				CLANG_ENABLE_MODULES = YES;
				CLANG_ENABLE_OBJC_ARC = YES;
				CLANG_WARN_BOOL_CONVERSION = YES;
				CLANG_WARN_CONSTANT_CONVERSION = YES;
				CLANG_WARN_DIRECT_OBJC_ISA_USAGE = YES_ERROR;
				CLANG_WARN_EMPTY_BODY = YES;
				CLANG_WARN_ENUM_CONVERSION = YES;
				CLANG_WARN_INT_CONVERSION = YES;
				CLANG_WARN_OBJC_ROOT_CLASS = YES_ERROR;
				CLANG_WARN_UNREACHABLE_CODE = YES;
				CLANG_WARN__DUPLICATE_METHOD_MATCH = YES;
				"CODE_SIGN_IDENTITY[sdk=iphoneos*]" = "iPhone Developer";
				COPY_PHASE_STRIP = NO;
				DEBUG_INFORMATION_FORMAT = "dwarf-with-dsym";
				ENABLE_NS_ASSERTIONS = NO;
				ENABLE_STRICT_OBJC_MSGSEND = YES;
				GCC_C_LANGUAGE_STANDARD = gnu99;
				GCC_NO_COMMON_BLOCKS = YES;
				GCC_WARN_64_TO_32_BIT_CONVERSION = YES;
				GCC_WARN_ABOUT_RETURN_TYPE = YES_ERROR;
				GCC_WARN_UNDECLARED_SELECTOR = YES;
				GCC_WARN_UNINITIALIZED_AUTOS = YES_AGGRESSIVE;
				GCC_WARN_UNUSED_FUNCTION = YES;
				GCC_WARN_UNUSED_VARIABLE = YES;
				IPHONEOS_DEPLOYMENT_TARGET = 9.1;
				MTL_ENABLE_DEBUG_INFO = NO;
				SDKROOT = iphoneos;
				VALIDATE_PRODUCT = YES;
			};
			name = Release;
		};
		488046E91D01376F00F9C0DE /* Debug */ = {
			isa = XCBuildConfiguration;
			buildSettings = {
				ASSETCATALOG_COMPILER_APPICON_NAME = AppIcon;
				INFOPLIST_FILE = Tablas_Clase2/Info.plist;
				LD_RUNPATH_SEARCH_PATHS = "$(inherited) @executable_path/Frameworks";
				PRODUCT_BUNDLE_IDENTIFIER = "com.Luis.Tablas-Clase2";
				PRODUCT_NAME = "$(TARGET_NAME)";
			};
			name = Debug;
		};
		488046EA1D01376F00F9C0DE /* Release */ = {
			isa = XCBuildConfiguration;
			buildSettings = {
				ASSETCATALOG_COMPILER_APPICON_NAME = AppIcon;
				INFOPLIST_FILE = Tablas_Clase2/Info.plist;
				LD_RUNPATH_SEARCH_PATHS = "$(inherited) @executable_path/Frameworks";
				PRODUCT_BUNDLE_IDENTIFIER = "com.Luis.Tablas-Clase2";
				PRODUCT_NAME = "$(TARGET_NAME)";
			};
			name = Release;
		};
/* End XCBuildConfiguration section */

/* Begin XCConfigurationList section */
		488046C91D01376F00F9C0DE /* Build configuration list for PBXProject "Tablas_Clase2" */ = {
			isa = XCConfigurationList;
			buildConfigurations = (
				488046E61D01376F00F9C0DE /* Debug */,
				488046E71D01376F00F9C0DE /* Release */,
			);
			defaultConfigurationIsVisible = 0;
			defaultConfigurationName = Release;
		};
		488046E81D01376F00F9C0DE /* Build configuration list for PBXNativeTarget "Tablas_Clase2" */ = {
			isa = XCConfigurationList;
			buildConfigurations = (
				488046E91D01376F00F9C0DE /* Debug */,
				488046EA1D01376F00F9C0DE /* Release */,
			);
			defaultConfigurationIsVisible = 0;
		};
/* End XCConfigurationList section */

/* Begin XCVersionGroup section */
		488046DD1D01376F00F9C0DE /* Tablas_Clase2.xcdatamodeld */ = {
			isa = XCVersionGroup;
			children = (
				488046DE1D01376F00F9C0DE /* Tablas_Clase2.xcdatamodel */,
			);
			currentVersion = 488046DE1D01376F00F9C0DE /* Tablas_Clase2.xcdatamodel */;
			path = Tablas_Clase2.xcdatamodeld;
			sourceTree = "<group>";
			versionGroupType = wrapper.xcdatamodel;
		};
/* End XCVersionGroup section */
	};
	rootObject = 488046C61D01376F00F9C0DE /* Project object */;
}
